{
  "object": {
    "pins": [
      {
        "package": "PayUIndia-PayUParams",
        "repositoryURL": "https://github.com/payu-intrepos/payu-params-iOS.git",
        "state": {
          "branch": null,
          "revision": "69f677c09dd6d6f3622d4868b1a98c6d545e5066",
          "version": "6.5.0"
        }
      },
      {
        "package": "PayUIndia-Analytics",
        "repositoryURL": "https://github.com/payu-intrepos/PayUAnalytics-iOS.git",
        "state": {
          "branch": null,
          "revision": "5531c51a199d25780459f3285b198dfc13f3f990",
          "version": "4.0.2"
        }
      },
      {
        "package": "PayUIndia-CommonUI",
        "repositoryURL": "https://github.com/payu-intrepos/PayUCommonUI-iOS",
        "state": {
          "branch": null,
          "revision": "62e969df81ce941e7f516ef06204e930f365a553",
          "version": "2.1.0"
        }
      },
      {
        "package": "PayUIndia-CrashReporter",
        "repositoryURL": "https://github.com/payu-intrepos/PayUCrashReporter-iOS.git",
        "state": {
          "branch": null,
          "revision": "454760775aaa4a9cf9d9a3ec8aec2fdf276ad664",
          "version": "4.0.1"
        }
      }
    ]
  },
  "version": 1
}
