{
  "object": {
    "pins": [
      {
        "package": "PayUIndia-PayUParams",
        "repositoryURL": "https://github.com/payu-intrepos/payu-params-iOS.git",
        "state": {
          "branch": null,
          "revision": "cc0017f0c0b1d10b69cbfb2d48eaea8819cfe3f6",
          "version": "3.4.0"
        }
      }
    ]
  },
  "version": 1
}
