{
  "object": {
    "pins": [
      {
        "package": "PayUIndia-PayUParams",
        "repositoryURL": "https://github.com/payu-intrepos/payu-params-iOS.git",
        "state": {
          "branch": null,
          "revision": "4668903b2fc9ae3cbc9311245d2e05dfa7f84c60",
          "version": "3.2.1"
        }
      }
    ]
  },
  "version": 1
}
