{
  "object": {
    "pins": [
      {
        "package": "PayUIndia-PG-SDK",
        "repositoryURL": "https://github.com/payu-intrepos/iOS-SDK",
        "state": {
          "branch": "master",
          "revision": "9826c758557a87a65869baff1a174c51db81935c",
          "version": null
        }
      },
      {
        "package": "PayUIndia-PayUParams",
        "repositoryURL": "https://github.com/payu-intrepos/payu-params-iOS",
        "state": {
          "branch": null,
          "revision": "731685185033b93f893e6194019ca15f6e79ad90",
          "version": "3.1.0"
        }
      },
      {
        "package": "PayUIndia-UPIKit",
        "repositoryURL": "https://github.com/payu-intrepos/payu-upi-ios-sdk",
        "state": {
          "branch": "master",
          "revision": "49bac84bf6ac4aff21ea1b51982b7bc7bca21b1b",
          "version": null
        }
      },
      {
        "package": "PayUIndia-CrashReporter",
        "repositoryURL": "https://github.com/payu-intrepos/PayUCrashReporter-iOS",
        "state": {
          "branch": null,
          "revision": "a4ffe60807d35a830a06196dab83e07d09e10612",
          "version": "2.0.0"
        }
      },
      {
        "package": "PayUIndia-NetworkReachability",
        "repositoryURL": "https://github.com/payu-intrepos/PayUNetworkReachability-iOS",
        "state": {
          "branch": null,
          "revision": "4c023a01a4e1cd03641b538c3495a496724effec",
          "version": "2.0.0"
        }
      },
      {
        "package": "SocketIO",
        "repositoryURL": "https://github.com/ShubhGar/socket.io-client-swift",
        "state": {
          "branch": null,
          "revision": "75f046388e5031004a05d1c5191f85cf58f9071c",
          "version": "17.0.0"
        }
      },
      {
        "package": "Starscream",
        "repositoryURL": "https://github.com/ShubhGar/Starscream",
        "state": {
          "branch": null,
          "revision": "12202be2d18098d2c29e1433a921675f35522a20",
          "version": "5.0.0"
        }
      }
    ]
  },
  "version": 1
}
