PODS:
  - PayUIndia-Logger (4.0.0)
  - PayUIndia-Networking (4.0.0):
    - PayUIndia-Logger (= 4.0.0)
  - PayUIndia-PayUParams (4.3.0)
  - PayUIndia-UPICore (7.0.1):
    - PayUIndia-Networking (~> 4.0)
    - PayUIndia-PayUParams (~> 4.3)
  - Sentry (4.3.1):
    - Sentry/Core (= 4.3.1)
  - Sentry/Core (4.3.1)

DEPENDENCIES:
  - PayUIndia-UPICore
  - Sentry (from `https://github.com/getsentry/sentry-cocoa.git`, tag `4.3.1`)

SPEC REPOS:
  trunk:
    - PayUIndia-Logger
    - PayUIndia-Networking
    - PayUIndia-PayUParams
    - PayUIndia-UPICore

EXTERNAL SOURCES:
  Sentry:
    :git: https://github.com/getsentry/sentry-cocoa.git
    :tag: 4.3.1

CHECKOUT OPTIONS:
  Sentry:
    :git: https://github.com/getsentry/sentry-cocoa.git
    :tag: 4.3.1

SPEC CHECKSUMS:
  PayUIndia-Logger: e353d9dd576bac593e428dfbadedf337cbb48b78
  PayUIndia-Networking: bf53f743484256303e24d4e763e6097f04af769c
  PayUIndia-PayUParams: ef686041feae62f907491c1cc7b4f50fbe4375c9
  PayUIndia-UPICore: a0d959c31b7ebf54bf26519f27efee2e7982a932
  Sentry: 5267d493a398663538317e4dcc438c12c66202ed

PODFILE CHECKSUM: 74063151e3b3f8ff397fb3d9274385db90264d58

COCOAPODS: 1.11.3
