{
  "pins" : [
    {
      "identity" : "ios-sdk",
      "kind" : "remoteSourceControl",
      "location" : "https://github.com/payu-intrepos/iOS-SDK",
      "state" : {
        "revision" : "325883dd58d0c77ff37784d6abd6cbfc27a19e01",
        "version" : "8.3.0"
      }
    },
    {
      "identity" : "payu-params-ios",
      "kind" : "remoteSourceControl",
      "location" : "https://github.com/payu-intrepos/payu-params-iOS",
      "state" : {
        "revision" : "cc0017f0c0b1d10b69cbfb2d48eaea8819cfe3f6",
        "version" : "3.4.0"
      }
    },
    {
      "identity" : "payu-upi-ios-sdk",
      "kind" : "remoteSourceControl",
      "location" : "https://github.com/payu-intrepos/payu-upi-ios-sdk",
      "state" : {
        "revision" : "9ab16f11df9a0ee1c0cae34defccc41aca3856dc",
        "version" : "6.1.0"
      }
    },
    {
      "identity" : "payucrashreporter-ios",
      "kind" : "remoteSourceControl",
      "location" : "https://github.com/payu-intrepos/PayUCrashReporter-iOS",
      "state" : {
        "revision" : "b342e44234a247752a5fa945851f9107e5efaf99",
        "version" : "2.0.1"
      }
    },
    {
      "identity" : "payunetworkreachability-ios",
      "kind" : "remoteSourceControl",
      "location" : "https://github.com/payu-intrepos/PayUNetworkReachability-iOS",
      "state" : {
        "revision" : "c477d6c84e609c24193e4fb76cadc40935d1838b",
        "version" : "2.0.1"
      }
    }
  ],
  "version" : 2
}
