PODS:
  - PayUIndia-Analytics (3.0.0):
    - PayUIndia-NetworkReachability (~> 1.0)
  - PayUIndia-CommonUI (1.2.0):
    - PayUIndia-Analytics (= 3.0)
  - PayUIndia-CrashReporter (3.0.0)
  - PayUIndia-Logger (4.0.0)
  - PayUIndia-Networking (4.1.0):
    - PayUIndia-Logger (= 4.0.0)
  - PayUIndia-NetworkReachability (1.0.1)
  - PayUIndia-PayUParams (5.2.0)
  - PayUIndia-PG-SDK (10.3.0):
    - PayUIndia-CrashReporter (~> 3.0)
    - PayUIndia-NetworkReachability (~> 1.0)
    - PayUIndia-PayUParams (~> 5.2)
  - PayUIndia-UPI (9.1.0):
    - PayUIndia-UPICore (~> 9.1)
  - PayUIndia-UPICore (9.1.0):
    - PayUIndia-CommonUI (~> 1.2)
    - PayUIndia-Networking (~> 4.1)
    - PayUIndia-PayUParams (~> 5.2)

DEPENDENCIES:
  - PayUIndia-PG-SDK
  - PayUIndia-UPI

SPEC REPOS:
  trunk:
    - PayUIndia-Analytics
    - PayUIndia-CommonUI
    - PayUIndia-CrashReporter
    - PayUIndia-Logger
    - PayUIndia-Networking
    - PayUIndia-NetworkReachability
    - PayUIndia-PayUParams
    - PayUIndia-PG-SDK
    - PayUIndia-UPI
    - PayUIndia-UPICore

SPEC CHECKSUMS:
  PayUIndia-Analytics: a23768b29283ef781783f38a99c1cf2235020d58
  PayUIndia-CommonUI: 474ece97366ff21dbc6aa7566443ad5a9cf897d4
  PayUIndia-CrashReporter: 5e3d459c0ec8c88573bd4510f42f47e10d52f319
  PayUIndia-Logger: e353d9dd576bac593e428dfbadedf337cbb48b78
  PayUIndia-Networking: 10487dda397cc9b221361a862b2c8ab3510c4408
  PayUIndia-NetworkReachability: 99e69781b3be99d7b713075ab7b73e6d73a153e4
  PayUIndia-PayUParams: 1d3e578357821536c65757db506a6c33abe5c69e
  PayUIndia-PG-SDK: ebb7c57882946f9cbaeaf871544229a912e7ca3d
  PayUIndia-UPI: 111434e9be5ced3e00915be3f122cc417bd1e320
  PayUIndia-UPICore: db64f99ae86994efee62e0126382d33318613b07

PODFILE CHECKSUM: 5d5828ab34f9a4e4bc0fe9de41c14bb1807201a1

COCOAPODS: 1.15.0
